
Microsoft Visual Studio Solution File, Format Version 12.00
# Visual Studio Version 17
VisualStudioVersion = 17.10.34928.147
MinimumVisualStudioVersion = 10.0.40219.1
Project("{FAE04EC0-301F-11D3-BF4B-00C04F79EFBC}") = "vize_sonrasi_1", "vize_sonrasi_1\vize_sonrasi_1.csproj", "{085204DF-EC1F-4B6F-8B02-CEF1A3F049E6}"
EndProject
Global
	GlobalSection(SolutionConfigurationPlatforms) = preSolution
		Debug|Any CPU = Debug|Any CPU
		Release|Any CPU = Release|Any CPU
	EndGlobalSection
	GlobalSection(ProjectConfigurationPlatforms) = postSolution
		{085204DF-EC1F-4B6F-8B02-CEF1A3F049E6}.Debug|Any CPU.ActiveCfg = Debug|Any CPU
		{085204DF-EC1F-4B6F-8B02-CEF1A3F049E6}.Debug|Any CPU.Build.0 = Debug|Any CPU
		{085204DF-EC1F-4B6F-8B02-CEF1A3F049E6}.Release|Any CPU.ActiveCfg = Release|Any CPU
		{085204DF-EC1F-4B6F-8B02-CEF1A3F049E6}.Release|Any CPU.Build.0 = Release|Any CPU
	EndGlobalSection
	GlobalSection(SolutionProperties) = preSolution
		HideSolutionNode = FALSE
	EndGlobalSection
	GlobalSection(ExtensibilityGlobals) = postSolution
		SolutionGuid = {B181458A-DA0C-4E3C-8D56-E36F7957C01B}
	EndGlobalSection
EndGlobal
